
Microsoft Visual Studio Solution File, Format Version 12.00
# Visual Studio 14
VisualStudioVersion = 14.0.25123.0
MinimumVisualStudioVersion = 10.0.40219.1
Project("{FAE04EC0-301F-11D3-BF4B-00C04F79EFBC}") = "EbExtensionExecuter", "src\EbExtensionExecuter\EbExtensionExecuter.csproj", "{063E086C-8293-41A7-BC70-50D9B78A4EEE}"
EndProject
Project("{2150E333-8FDC-42A3-9474-1A3956D46DE8}") = "Solution Items", "Solution Items", "{F7F5CDB3-5936-4070-9386-289BE96A6F84}"
	ProjectSection(SolutionItems) = preProject
		src\EbExtensionExecuter\EbExtensionExecuter.nuspec = src\EbExtensionExecuter\EbExtensionExecuter.nuspec
	EndProjectSection
EndProject
Global
	GlobalSection(SolutionConfigurationPlatforms) = preSolution
		Debug|Any CPU = Debug|Any CPU
		Release|Any CPU = Release|Any CPU
	EndGlobalSection
	GlobalSection(ProjectConfigurationPlatforms) = postSolution
		{063E086C-8293-41A7-BC70-50D9B78A4EEE}.Debug|Any CPU.ActiveCfg = Debug|Any CPU
		{063E086C-8293-41A7-BC70-50D9B78A4EEE}.Debug|Any CPU.Build.0 = Debug|Any CPU
		{063E086C-8293-41A7-BC70-50D9B78A4EEE}.Release|Any CPU.ActiveCfg = Release|Any CPU
		{063E086C-8293-41A7-BC70-50D9B78A4EEE}.Release|Any CPU.Build.0 = Release|Any CPU
	EndGlobalSection
	GlobalSection(SolutionProperties) = preSolution
		HideSolutionNode = FALSE
	EndGlobalSection
EndGlobal
